{
  "version": 4,
  "terraform_version": "1.0.1",
  "serial": 47,
  "lineage": "69871e78-15d2-75dd-2bda-d050a7e67c4a",
  "outputs": {},
  "resources": [
    {
      "mode": "managed",
      "type": "aci_access_port_block",
      "name": "aci_access_port_blocks",
      "provider": "provider[\"registry.terraform.io/ciscodevnet/aci\"]",
      "instances": [
        {
          "index_key": "Leaf1_1",
          "schema_version": 1,
          "attributes": {
            "access_port_selector_dn": "uni/infra/accportprof-Leaf1_Intp/hports-Leaf1_1-typ-range",
            "annotation": "orchestrator:terraform",
            "description": "",
            "from_card": "1",
            "from_port": "1",
            "id": "uni/infra/accportprof-Leaf1_Intp/hports-Leaf1_1-typ-range/portblk-Block1",
            "name": "Block1",
            "name_alias": "",
            "relation_infra_rs_acc_bndl_subgrp": "",
            "to_card": "1",
            "to_port": "60"
          },
          "sensitive_attributes": [],
          "private": "eyJzY2hlbWFfdmVyc2lvbiI6IjEifQ==",
          "dependencies": [
            "aci_access_port_selector.aci_access_port_selectors",
            "aci_attachable_access_entity_profile.aci_aeps",
            "aci_cdp_interface_policy.aci_cdp_interface_policies",
            "aci_fabric_if_pol.link_level_policies",
            "aci_leaf_access_port_policy_group.aci_leaf_access_port_policy_groups",
            "aci_leaf_interface_profile.aci_leaf_interface_profiles",
            "aci_lldp_interface_policy.aci_lldp_policies",
            "aci_physical_domain.aci_physical_domains",
            "aci_vlan_pool.aci_vlan_pools"
          ]
        },
        {
          "index_key": "Leaf2_1",
          "schema_version": 1,
          "attributes": {
            "access_port_selector_dn": "uni/infra/accportprof-Leaf2_Intp/hports-Leaf2_1-typ-range",
            "annotation": "orchestrator:terraform",
            "description": "",
            "from_card": "1",
            "from_port": "1",
            "id": "uni/infra/accportprof-Leaf2_Intp/hports-Leaf2_1-typ-range/portblk-Block1",
            "name": "Block1",
            "name_alias": "",
            "relation_infra_rs_acc_bndl_subgrp": "",
            "to_card": "1",
            "to_port": "60"
          },
          "sensitive_attributes": [],
          "private": "eyJzY2hlbWFfdmVyc2lvbiI6IjEifQ==",
          "dependencies": [
            "aci_access_port_selector.aci_access_port_selectors",
            "aci_attachable_access_entity_profile.aci_aeps",
            "aci_cdp_interface_policy.aci_cdp_interface_policies",
            "aci_fabric_if_pol.link_level_policies",
            "aci_leaf_access_port_policy_group.aci_leaf_access_port_policy_groups",
            "aci_leaf_interface_profile.aci_leaf_interface_profiles",
            "aci_lldp_interface_policy.aci_lldp_policies",
            "aci_physical_domain.aci_physical_domains",
            "aci_vlan_pool.aci_vlan_pools"
          ]
        }
      ]
    },
    {
      "mode": "managed",
      "type": "aci_access_port_selector",
      "name": "aci_access_port_selectors",
      "provider": "provider[\"registry.terraform.io/ciscodevnet/aci\"]",
      "instances": [
        {
          "index_key": "Leaf1_1",
          "schema_version": 1,
          "attributes": {
            "access_port_selector_type": "range",
            "annotation": "orchestrator:terraform",
            "description": "",
            "id": "uni/infra/accportprof-Leaf1_Intp/hports-Leaf1_1-typ-range",
            "leaf_interface_profile_dn": "uni/infra/accportprof-Leaf1_Intp",
            "name": "Leaf1_1",
            "name_alias": "",
            "relation_infra_rs_acc_base_grp": "uni/infra/funcprof/accportgrp-Policy_1"
          },
          "sensitive_attributes": [],
          "private": "eyJzY2hlbWFfdmVyc2lvbiI6IjEifQ==",
          "dependencies": [
            "aci_attachable_access_entity_profile.aci_aeps",
            "aci_cdp_interface_policy.aci_cdp_interface_policies",
            "aci_fabric_if_pol.link_level_policies",
            "aci_leaf_access_port_policy_group.aci_leaf_access_port_policy_groups",
            "aci_leaf_interface_profile.aci_leaf_interface_profiles",
            "aci_lldp_interface_policy.aci_lldp_policies",
            "aci_physical_domain.aci_physical_domains",
            "aci_vlan_pool.aci_vlan_pools"
          ]
        },
        {
          "index_key": "Leaf2_1",
          "schema_version": 1,
          "attributes": {
            "access_port_selector_type": "range",
            "annotation": "orchestrator:terraform",
            "description": "",
            "id": "uni/infra/accportprof-Leaf2_Intp/hports-Leaf2_1-typ-range",
            "leaf_interface_profile_dn": "uni/infra/accportprof-Leaf2_Intp",
            "name": "Leaf2_1",
            "name_alias": "",
            "relation_infra_rs_acc_base_grp": "uni/infra/funcprof/accportgrp-Policy_1"
          },
          "sensitive_attributes": [],
          "private": "eyJzY2hlbWFfdmVyc2lvbiI6IjEifQ==",
          "dependencies": [
            "aci_attachable_access_entity_profile.aci_aeps",
            "aci_cdp_interface_policy.aci_cdp_interface_policies",
            "aci_fabric_if_pol.link_level_policies",
            "aci_leaf_access_port_policy_group.aci_leaf_access_port_policy_groups",
            "aci_leaf_interface_profile.aci_leaf_interface_profiles",
            "aci_lldp_interface_policy.aci_lldp_policies",
            "aci_physical_domain.aci_physical_domains",
            "aci_vlan_pool.aci_vlan_pools"
          ]
        }
      ]
    },
    {
      "mode": "managed",
      "type": "aci_attachable_access_entity_profile",
      "name": "aci_aeps",
      "provider": "provider[\"registry.terraform.io/ciscodevnet/aci\"]",
      "instances": [
        {
          "index_key": "DEMO_AEP",
          "schema_version": 1,
          "attributes": {
            "annotation": "orchestrator:terraform",
            "description": "",
            "id": "uni/infra/attentp-DEMO_AEP",
            "name": "DEMO_AEP",
            "name_alias": "",
            "relation_infra_rs_dom_p": [
              "uni/phys-DEMO_Domain"
            ]
          },
          "sensitive_attributes": [],
          "private": "eyJzY2hlbWFfdmVyc2lvbiI6IjEifQ==",
          "dependencies": [
            "aci_physical_domain.aci_physical_domains",
            "aci_vlan_pool.aci_vlan_pools"
          ]
        }
      ]
    },
    {
      "mode": "managed",
      "type": "aci_cdp_interface_policy",
      "name": "aci_cdp_interface_policies",
      "provider": "provider[\"registry.terraform.io/ciscodevnet/aci\"]",
      "instances": [
        {
          "index_key": "CDP_Disable",
          "schema_version": 1,
          "attributes": {
            "admin_st": "disabled",
            "annotation": "orchestrator:terraform",
            "description": "",
            "id": "uni/infra/cdpIfP-CDP_Disable",
            "name": "CDP_Disable",
            "name_alias": ""
          },
          "sensitive_attributes": [],
          "private": "eyJzY2hlbWFfdmVyc2lvbiI6IjEifQ=="
        }
      ]
    },
    {
      "mode": "managed",
      "type": "aci_fabric_if_pol",
      "name": "link_level_policies",
      "provider": "provider[\"registry.terraform.io/ciscodevnet/aci\"]",
      "instances": [
        {
          "index_key": "LL_10G",
          "schema_version": 1,
          "attributes": {
            "annotation": "orchestrator:terraform",
            "auto_neg": "off",
            "description": "",
            "fec_mode": "inherit",
            "id": "uni/infra/hintfpol-10G",
            "link_debounce": "100",
            "name": "10G",
            "name_alias": "",
            "speed": "10G"
          },
          "sensitive_attributes": [],
          "private": "eyJzY2hlbWFfdmVyc2lvbiI6IjEifQ=="
        }
      ]
    },
    {
      "mode": "managed",
      "type": "aci_lacp_policy",
      "name": "lacp_policies",
      "provider": "provider[\"registry.terraform.io/ciscodevnet/aci\"]",
      "instances": [
        {
          "index_key": "LACP_Active",
          "schema_version": 1,
          "attributes": {
            "annotation": "orchestrator:terraform",
            "ctrl": [
              "fast-sel-hot-stdby",
              "graceful-conv",
              "susp-individual"
            ],
            "description": "",
            "id": "uni/infra/lacplagp-LACP_Active",
            "max_links": "16",
            "min_links": "1",
            "mode": "active",
            "name": "LACP_Active",
            "name_alias": ""
          },
          "sensitive_attributes": [],
          "private": "eyJzY2hlbWFfdmVyc2lvbiI6IjEifQ=="
        }
      ]
    },
    {
      "mode": "managed",
      "type": "aci_leaf_access_port_policy_group",
      "name": "aci_leaf_access_port_policy_groups",
      "provider": "provider[\"registry.terraform.io/ciscodevnet/aci\"]",
      "instances": [
        {
          "index_key": "Policy_1",
          "schema_version": 1,
          "attributes": {
            "annotation": "orchestrator:terraform",
            "description": "",
            "id": "uni/infra/funcprof/accportgrp-Policy_1",
            "name": "Policy_1",
            "name_alias": "",
            "relation_infra_rs_att_ent_p": "uni/infra/attentp-DEMO_AEP",
            "relation_infra_rs_cdp_if_pol": "uni/infra/cdpIfP-CDP_Disable",
            "relation_infra_rs_copp_if_pol": null,
            "relation_infra_rs_dwdm_if_pol": null,
            "relation_infra_rs_fc_if_pol": null,
            "relation_infra_rs_h_if_pol": "uni/infra/hintfpol-10G",
            "relation_infra_rs_l2_if_pol": null,
            "relation_infra_rs_l2_inst_pol": "",
            "relation_infra_rs_l2_port_auth_pol": null,
            "relation_infra_rs_l2_port_security_pol": null,
            "relation_infra_rs_lldp_if_pol": "uni/infra/lldpIfP-LLDP_Disable",
            "relation_infra_rs_macsec_if_pol": null,
            "relation_infra_rs_mcp_if_pol": null,
            "relation_infra_rs_mon_if_infra_pol": null,
            "relation_infra_rs_netflow_monitor_pol": [],
            "relation_infra_rs_poe_if_pol": "",
            "relation_infra_rs_qos_dpp_if_pol": null,
            "relation_infra_rs_qos_egress_dpp_if_pol": null,
            "relation_infra_rs_qos_ingress_dpp_if_pol": null,
            "relation_infra_rs_qos_pfc_if_pol": null,
            "relation_infra_rs_qos_sd_if_pol": null,
            "relation_infra_rs_span_v_dest_grp": null,
            "relation_infra_rs_span_v_src_grp": null,
            "relation_infra_rs_stormctrl_if_pol": null,
            "relation_infra_rs_stp_if_pol": null
          },
          "sensitive_attributes": [],
          "private": "eyJzY2hlbWFfdmVyc2lvbiI6IjEifQ==",
          "dependencies": [
            "aci_attachable_access_entity_profile.aci_aeps",
            "aci_cdp_interface_policy.aci_cdp_interface_policies",
            "aci_fabric_if_pol.link_level_policies",
            "aci_lldp_interface_policy.aci_lldp_policies",
            "aci_physical_domain.aci_physical_domains",
            "aci_vlan_pool.aci_vlan_pools"
          ]
        }
      ]
    },
    {
      "mode": "managed",
      "type": "aci_leaf_interface_profile",
      "name": "aci_leaf_interface_profiles",
      "provider": "provider[\"registry.terraform.io/ciscodevnet/aci\"]",
      "instances": [
        {
          "index_key": "Leaf1_Intp",
          "schema_version": 1,
          "attributes": {
            "annotation": "orchestrator:terraform",
            "description": "",
            "id": "uni/infra/accportprof-Leaf1_Intp",
            "name": "Leaf1_Intp",
            "name_alias": ""
          },
          "sensitive_attributes": [],
          "private": "eyJzY2hlbWFfdmVyc2lvbiI6IjEifQ=="
        },
        {
          "index_key": "Leaf2_Intp",
          "schema_version": 1,
          "attributes": {
            "annotation": "orchestrator:terraform",
            "description": "",
            "id": "uni/infra/accportprof-Leaf2_Intp",
            "name": "Leaf2_Intp",
            "name_alias": ""
          },
          "sensitive_attributes": [],
          "private": "eyJzY2hlbWFfdmVyc2lvbiI6IjEifQ=="
        }
      ]
    },
    {
      "mode": "managed",
      "type": "aci_leaf_profile",
      "name": "aci_leaf_profiles",
      "provider": "provider[\"registry.terraform.io/ciscodevnet/aci\"]",
      "instances": [
        {
          "index_key": "Leaf1",
          "schema_version": 1,
          "attributes": {
            "annotation": "orchestrator:terraform",
            "description": "",
            "id": "uni/infra/nprof-Leaf1",
            "leaf_selector": [],
            "leaf_selector_ids": [],
            "name": "Leaf1",
            "name_alias": "",
            "node_block_ids": [],
            "relation_infra_rs_acc_card_p": null,
            "relation_infra_rs_acc_port_p": [
              "uni/infra/accportprof-Leaf1_Intp"
            ]
          },
          "sensitive_attributes": [],
          "private": "eyJzY2hlbWFfdmVyc2lvbiI6IjEifQ==",
          "dependencies": [
            "aci_leaf_interface_profile.aci_leaf_interface_profiles"
          ]
        },
        {
          "index_key": "Leaf2",
          "schema_version": 1,
          "attributes": {
            "annotation": "orchestrator:terraform",
            "description": "",
            "id": "uni/infra/nprof-Leaf2",
            "leaf_selector": [],
            "leaf_selector_ids": [],
            "name": "Leaf2",
            "name_alias": "",
            "node_block_ids": [],
            "relation_infra_rs_acc_card_p": null,
            "relation_infra_rs_acc_port_p": [
              "uni/infra/accportprof-Leaf2_Intp"
            ]
          },
          "sensitive_attributes": [],
          "private": "eyJzY2hlbWFfdmVyc2lvbiI6IjEifQ==",
          "dependencies": [
            "aci_leaf_interface_profile.aci_leaf_interface_profiles"
          ]
        }
      ]
    },
    {
      "mode": "managed",
      "type": "aci_leaf_selector",
      "name": "leaf_selectors",
      "provider": "provider[\"registry.terraform.io/ciscodevnet/aci\"]",
      "instances": [
        {
          "index_key": "Leaf1_sel",
          "schema_version": 1,
          "attributes": {
            "annotation": "orchestrator:terraform",
            "description": "",
            "id": "uni/infra/nprof-Leaf1/leaves-Leaf1_sel-typ-range",
            "leaf_profile_dn": "uni/infra/nprof-Leaf1",
            "name": "Leaf1_sel",
            "name_alias": "",
            "relation_infra_rs_acc_node_p_grp": "",
            "switch_association_type": "range"
          },
          "sensitive_attributes": [],
          "private": "eyJzY2hlbWFfdmVyc2lvbiI6IjEifQ==",
          "dependencies": [
            "aci_leaf_interface_profile.aci_leaf_interface_profiles",
            "aci_leaf_profile.aci_leaf_profiles"
          ]
        },
        {
          "index_key": "Leaf2_sel",
          "schema_version": 1,
          "attributes": {
            "annotation": "orchestrator:terraform",
            "description": "",
            "id": "uni/infra/nprof-Leaf2/leaves-Leaf2_sel-typ-range",
            "leaf_profile_dn": "uni/infra/nprof-Leaf2",
            "name": "Leaf2_sel",
            "name_alias": "",
            "relation_infra_rs_acc_node_p_grp": "",
            "switch_association_type": "range"
          },
          "sensitive_attributes": [],
          "private": "eyJzY2hlbWFfdmVyc2lvbiI6IjEifQ==",
          "dependencies": [
            "aci_leaf_interface_profile.aci_leaf_interface_profiles",
            "aci_leaf_profile.aci_leaf_profiles"
          ]
        }
      ]
    },
    {
      "mode": "managed",
      "type": "aci_lldp_interface_policy",
      "name": "aci_lldp_policies",
      "provider": "provider[\"registry.terraform.io/ciscodevnet/aci\"]",
      "instances": [
        {
          "index_key": "LLDP_Disable",
          "schema_version": 1,
          "attributes": {
            "admin_rx_st": "disabled",
            "admin_tx_st": "disabled",
            "annotation": "orchestrator:terraform",
            "description": "",
            "id": "uni/infra/lldpIfP-LLDP_Disable",
            "name": "LLDP_Disable",
            "name_alias": ""
          },
          "sensitive_attributes": [],
          "private": "eyJzY2hlbWFfdmVyc2lvbiI6IjEifQ=="
        }
      ]
    },
    {
      "mode": "managed",
      "type": "aci_node_block",
      "name": "node_blocks",
      "provider": "provider[\"registry.terraform.io/ciscodevnet/aci\"]",
      "instances": [
        {
          "index_key": "Leaf1_sel",
          "schema_version": 1,
          "attributes": {
            "annotation": "orchestrator:terraform",
            "description": "",
            "from_": "1",
            "id": "uni/infra/nprof-Leaf1/leaves-Leaf1_sel-typ-range/nodeblk-1",
            "name": "1",
            "name_alias": "",
            "switch_association_dn": "uni/infra/nprof-Leaf1/leaves-Leaf1_sel-typ-range",
            "to_": "1"
          },
          "sensitive_attributes": [],
          "private": "eyJzY2hlbWFfdmVyc2lvbiI6IjEifQ==",
          "dependencies": [
            "aci_leaf_interface_profile.aci_leaf_interface_profiles",
            "aci_leaf_profile.aci_leaf_profiles",
            "aci_leaf_selector.leaf_selectors"
          ]
        },
        {
          "index_key": "Leaf2_sel",
          "schema_version": 1,
          "attributes": {
            "annotation": "orchestrator:terraform",
            "description": "",
            "from_": "2",
            "id": "uni/infra/nprof-Leaf2/leaves-Leaf2_sel-typ-range/nodeblk-2",
            "name": "2",
            "name_alias": "",
            "switch_association_dn": "uni/infra/nprof-Leaf2/leaves-Leaf2_sel-typ-range",
            "to_": "2"
          },
          "sensitive_attributes": [],
          "private": "eyJzY2hlbWFfdmVyc2lvbiI6IjEifQ==",
          "dependencies": [
            "aci_leaf_interface_profile.aci_leaf_interface_profiles",
            "aci_leaf_profile.aci_leaf_profiles",
            "aci_leaf_selector.leaf_selectors"
          ]
        }
      ]
    },
    {
      "mode": "managed",
      "type": "aci_physical_domain",
      "name": "aci_physical_domains",
      "provider": "provider[\"registry.terraform.io/ciscodevnet/aci\"]",
      "instances": [
        {
          "index_key": "DEMO_Domain",
          "schema_version": 1,
          "attributes": {
            "annotation": "orchestrator:terraform",
            "description": null,
            "id": "uni/phys-DEMO_Domain",
            "name": "DEMO_Domain",
            "name_alias": "",
            "relation_infra_rs_dom_vxlan_ns_def": "",
            "relation_infra_rs_vip_addr_ns": "",
            "relation_infra_rs_vlan_ns": "uni/infra/vlanns-[DEMO_VLAN]-static",
            "relation_infra_rs_vlan_ns_def": null
          },
          "sensitive_attributes": [],
          "private": "eyJzY2hlbWFfdmVyc2lvbiI6IjEifQ==",
          "dependencies": [
            "aci_vlan_pool.aci_vlan_pools"
          ]
        }
      ]
    },
    {
      "mode": "managed",
      "type": "aci_ranges",
      "name": "aci_vlan_pools_ranges",
      "provider": "provider[\"registry.terraform.io/ciscodevnet/aci\"]",
      "instances": [
        {
          "index_key": "DEMO_VLAN",
          "schema_version": 1,
          "attributes": {
            "alloc_mode": "static",
            "annotation": "orchestrator:terraform",
            "description": "",
            "from": "vlan-1000",
            "id": "uni/infra/vlanns-[DEMO_VLAN]-static/from-[vlan-1000]-to-[vlan-2000]",
            "name_alias": "",
            "role": "external",
            "to": "vlan-2000",
            "vlan_pool_dn": "uni/infra/vlanns-[DEMO_VLAN]-static"
          },
          "sensitive_attributes": [],
          "private": "eyJzY2hlbWFfdmVyc2lvbiI6IjEifQ==",
          "dependencies": [
            "aci_vlan_pool.aci_vlan_pools"
          ]
        },
        {
          "index_key": "DEMO_VLAN2",
          "schema_version": 1,
          "attributes": {
            "alloc_mode": "static",
            "annotation": "orchestrator:terraform",
            "description": "",
            "from": "vlan-3000",
            "id": "uni/infra/vlanns-[DEMO_VLAN2]-static/from-[vlan-3000]-to-[vlan-4000]",
            "name_alias": "",
            "role": "external",
            "to": "vlan-4000",
            "vlan_pool_dn": "uni/infra/vlanns-[DEMO_VLAN2]-static"
          },
          "sensitive_attributes": [],
          "private": "eyJzY2hlbWFfdmVyc2lvbiI6IjEifQ==",
          "dependencies": [
            "aci_vlan_pool.aci_vlan_pools"
          ]
        }
      ]
    },
    {
      "mode": "managed",
      "type": "aci_vlan_pool",
      "name": "aci_vlan_pools",
      "provider": "provider[\"registry.terraform.io/ciscodevnet/aci\"]",
      "instances": [
        {
          "index_key": "DEMO_VLAN",
          "schema_version": 1,
          "attributes": {
            "alloc_mode": "static",
            "annotation": "orchestrator:terraform",
            "description": "",
            "id": "uni/infra/vlanns-[DEMO_VLAN]-static",
            "name": "DEMO_VLAN",
            "name_alias": ""
          },
          "sensitive_attributes": [],
          "private": "eyJzY2hlbWFfdmVyc2lvbiI6IjEifQ=="
        },
        {
          "index_key": "DEMO_VLAN2",
          "schema_version": 1,
          "attributes": {
            "alloc_mode": "static",
            "annotation": "orchestrator:terraform",
            "description": "",
            "id": "uni/infra/vlanns-[DEMO_VLAN2]-static",
            "name": "DEMO_VLAN2",
            "name_alias": ""
          },
          "sensitive_attributes": [],
          "private": "eyJzY2hlbWFfdmVyc2lvbiI6IjEifQ=="
        }
      ]
    }
  ]
}
